
Microsoft Visual Studio Solution File, Format Version 12.00
# Visual Studio Version 17
VisualStudioVersion = 17.11.35312.102
MinimumVisualStudioVersion = 10.0.40219.1
Project("{9A19103F-16F7-4668-BE54-9A1E7A4F7556}") = "ConsoleApp1", "ConsoleApp1\ConsoleApp1.csproj", "{FCD1648E-BC14-4680-90A9-760933CBDE99}"
EndProject
Project("{2150E333-8FDC-42A3-9474-1A3956D46DE8}") = "OpenCV", "OpenCV", "{A38DDACB-0F12-4ADA-B9F4-50D83F5385A4}"
EndProject
Project("{9A19103F-16F7-4668-BE54-9A1E7A4F7556}") = "openCV-Camera-03-IPCam", "openCV-Camera-03-IPCam\openCV-Camera-03-IPCam.csproj", "{754DCB6F-0924-4CBD-8F8B-95A83760ECF0}"
EndProject
Project("{9A19103F-16F7-4668-BE54-9A1E7A4F7556}") = "OpenCV-Camera-04-BlurFaces", "OpenCV-Camera-04-BlurFaces\OpenCV-Camera-04-BlurFaces.csproj", "{64F0E55C-3A81-4A5B-924F-8E2D810EAF83}"
EndProject
Project("{2150E333-8FDC-42A3-9474-1A3956D46DE8}") = "OpenAI", "OpenAI", "{AB252C60-902A-4A10-B26B-669E40517CEA}"
EndProject
Project("{9A19103F-16F7-4668-BE54-9A1E7A4F7556}") = "ConsoleOpenAI-01-ChatComplete", "ConsoleOpenAI-01-ChatComplete\ConsoleOpenAI-01-ChatComplete.csproj", "{2677C93E-496A-4B28-A528-2013AE2C1B94}"
EndProject
Project("{9A19103F-16F7-4668-BE54-9A1E7A4F7556}") = "ConsoleOpenAI-02-ChatStreaming", "ConsoleOpenAI-02-ChatStreaming\ConsoleOpenAI-02-ChatStreaming.csproj", "{16913DCC-3037-4DAD-9448-5927D1B5EE0F}"
EndProject
Project("{9A19103F-16F7-4668-BE54-9A1E7A4F7556}") = "ConsoleOpenAI-03-AnalyseImage", "ConsoleOpenAI-02-AnalyseImage\ConsoleOpenAI-03-AnalyseImage.csproj", "{87D618BD-2D25-4EA3-A369-479910017B77}"
EndProject
Project("{9A19103F-16F7-4668-BE54-9A1E7A4F7556}") = "OpenCV-Camera-01", "OpenCV-Camera-01\OpenCV-Camera-01.csproj", "{D3E7E7B9-9675-47BA-95DC-D511F5915088}"
EndProject
Project("{9A19103F-16F7-4668-BE54-9A1E7A4F7556}") = "OpenCV-Camera-02-FPS", "OpenCV-Camera-02-FPS\OpenCV-Camera-02-FPS.csproj", "{DB61065B-4E62-4CF2-AAA6-444EDB1E6396}"
EndProject
Project("{2150E333-8FDC-42A3-9474-1A3956D46DE8}") = "MEAI Video Analyzer", "MEAI Video Analyzer", "{F79ADDC0-A1A4-4C3A-90CD-D0982EA89A87}"
EndProject
Project("{9A19103F-16F7-4668-BE54-9A1E7A4F7556}") = "ConsoleOpenAI-04-VideoAnalyzer", "ConsoleOpenAI-04-VideoAnalyzer\ConsoleOpenAI-04-VideoAnalyzer.csproj", "{89920B27-DF53-47DC-8CC2-2C2299CEFF41}"
EndProject
Project("{2150E333-8FDC-42A3-9474-1A3956D46DE8}") = "Labs", "Labs", "{33A582E2-42A2-41BC-8DE8-CF87F5E182C7}"
EndProject
Project("{9A19103F-16F7-4668-BE54-9A1E7A4F7556}") = "ConsoleMEAI-06-Ollama", "ConsoleMEAI-06-Ollama\ConsoleMEAI-06-Ollama.csproj", "{2BC812DF-B3C7-424D-9DB9-4692277B0678}"
EndProject
Project("{9A19103F-16F7-4668-BE54-9A1E7A4F7556}") = "OpenCV-Camera-05-PlayVideo", "OpenCV-Camera-05-PlayVideo\OpenCV-Camera-05-PlayVideo.csproj", "{A1FA0598-0480-42DA-8B33-A219B6F60382}"
EndProject
Project("{2150E333-8FDC-42A3-9474-1A3956D46DE8}") = "Event", "Event", "{018B0B29-A092-4F49-837A-3E6E09DF1854}"
EndProject
Project("{9A19103F-16F7-4668-BE54-9A1E7A4F7556}") = "ConsoleMEAI-05-GitHubModels", "ConsoleMEAI-05-GitHubModels\ConsoleMEAI-05-GitHubModels.csproj", "{DD3313B8-C63A-4E09-B8DA-2F538EAB39AE}"
EndProject
Project("{9A19103F-16F7-4668-BE54-9A1E7A4F7556}") = "OpenCV-Camera-06-VideoSaveFrames", "OpenCV-Camera-06-VideoSaveFrames\OpenCV-Camera-06-VideoSaveFrames.csproj", "{4EF2E09E-4ED8-4380-9DCA-8D311B135A2B}"
EndProject
Project("{2150E333-8FDC-42A3-9474-1A3956D46DE8}") = "Azure OpenAI", "Azure OpenAI", "{B1AF5FED-91D9-4DFC-A1C1-6EFA8F60D16F}"
EndProject
Project("{9A19103F-16F7-4668-BE54-9A1E7A4F7556}") = "ConsoleAOAI-04-VideoAnalyzer", "ConsoleAOAI-04-VideoAnalyzer\ConsoleAOAI-04-VideoAnalyzer.csproj", "{5CE7E35E-E368-4BD0-B2D8-E19CA9F9334E}"
EndProject
Project("{2150E333-8FDC-42A3-9474-1A3956D46DE8}") = "Solution Items", "Solution Items", "{B0EB1ECB-7FD1-4E5D-933E-6FFEE5DF2D08}"
	ProjectSection(SolutionItems) = preProject
		PromptsHelper.cs = PromptsHelper.cs
		VideosHelper.cs = VideosHelper.cs
	EndProjectSection
EndProject
Project("{9A19103F-16F7-4668-BE54-9A1E7A4F7556}") = "ConsoleMEAI-04-OpenAI", "ConsoleMEAI-04-OpenAI\ConsoleMEAI-04-OpenAI.csproj", "{A178F490-697D-49EB-8AA7-A4D5660E1625}"
EndProject
Global
	GlobalSection(SolutionConfigurationPlatforms) = preSolution
		Debug|Any CPU = Debug|Any CPU
		Release|Any CPU = Release|Any CPU
	EndGlobalSection
	GlobalSection(ProjectConfigurationPlatforms) = postSolution
		{FCD1648E-BC14-4680-90A9-760933CBDE99}.Debug|Any CPU.ActiveCfg = Debug|Any CPU
		{FCD1648E-BC14-4680-90A9-760933CBDE99}.Debug|Any CPU.Build.0 = Debug|Any CPU
		{FCD1648E-BC14-4680-90A9-760933CBDE99}.Release|Any CPU.ActiveCfg = Release|Any CPU
		{FCD1648E-BC14-4680-90A9-760933CBDE99}.Release|Any CPU.Build.0 = Release|Any CPU
		{754DCB6F-0924-4CBD-8F8B-95A83760ECF0}.Debug|Any CPU.ActiveCfg = Debug|Any CPU
		{754DCB6F-0924-4CBD-8F8B-95A83760ECF0}.Debug|Any CPU.Build.0 = Debug|Any CPU
		{754DCB6F-0924-4CBD-8F8B-95A83760ECF0}.Release|Any CPU.ActiveCfg = Release|Any CPU
		{754DCB6F-0924-4CBD-8F8B-95A83760ECF0}.Release|Any CPU.Build.0 = Release|Any CPU
		{64F0E55C-3A81-4A5B-924F-8E2D810EAF83}.Debug|Any CPU.ActiveCfg = Debug|Any CPU
		{64F0E55C-3A81-4A5B-924F-8E2D810EAF83}.Debug|Any CPU.Build.0 = Debug|Any CPU
		{64F0E55C-3A81-4A5B-924F-8E2D810EAF83}.Release|Any CPU.ActiveCfg = Release|Any CPU
		{64F0E55C-3A81-4A5B-924F-8E2D810EAF83}.Release|Any CPU.Build.0 = Release|Any CPU
		{2677C93E-496A-4B28-A528-2013AE2C1B94}.Debug|Any CPU.ActiveCfg = Debug|Any CPU
		{2677C93E-496A-4B28-A528-2013AE2C1B94}.Debug|Any CPU.Build.0 = Debug|Any CPU
		{2677C93E-496A-4B28-A528-2013AE2C1B94}.Release|Any CPU.ActiveCfg = Release|Any CPU
		{2677C93E-496A-4B28-A528-2013AE2C1B94}.Release|Any CPU.Build.0 = Release|Any CPU
		{16913DCC-3037-4DAD-9448-5927D1B5EE0F}.Debug|Any CPU.ActiveCfg = Debug|Any CPU
		{16913DCC-3037-4DAD-9448-5927D1B5EE0F}.Debug|Any CPU.Build.0 = Debug|Any CPU
		{16913DCC-3037-4DAD-9448-5927D1B5EE0F}.Release|Any CPU.ActiveCfg = Release|Any CPU
		{16913DCC-3037-4DAD-9448-5927D1B5EE0F}.Release|Any CPU.Build.0 = Release|Any CPU
		{87D618BD-2D25-4EA3-A369-479910017B77}.Debug|Any CPU.ActiveCfg = Debug|Any CPU
		{87D618BD-2D25-4EA3-A369-479910017B77}.Debug|Any CPU.Build.0 = Debug|Any CPU
		{87D618BD-2D25-4EA3-A369-479910017B77}.Release|Any CPU.ActiveCfg = Release|Any CPU
		{87D618BD-2D25-4EA3-A369-479910017B77}.Release|Any CPU.Build.0 = Release|Any CPU
		{D3E7E7B9-9675-47BA-95DC-D511F5915088}.Debug|Any CPU.ActiveCfg = Debug|Any CPU
		{D3E7E7B9-9675-47BA-95DC-D511F5915088}.Debug|Any CPU.Build.0 = Debug|Any CPU
		{D3E7E7B9-9675-47BA-95DC-D511F5915088}.Release|Any CPU.ActiveCfg = Release|Any CPU
		{D3E7E7B9-9675-47BA-95DC-D511F5915088}.Release|Any CPU.Build.0 = Release|Any CPU
		{DB61065B-4E62-4CF2-AAA6-444EDB1E6396}.Debug|Any CPU.ActiveCfg = Debug|Any CPU
		{DB61065B-4E62-4CF2-AAA6-444EDB1E6396}.Debug|Any CPU.Build.0 = Debug|Any CPU
		{DB61065B-4E62-4CF2-AAA6-444EDB1E6396}.Release|Any CPU.ActiveCfg = Release|Any CPU
		{DB61065B-4E62-4CF2-AAA6-444EDB1E6396}.Release|Any CPU.Build.0 = Release|Any CPU
		{89920B27-DF53-47DC-8CC2-2C2299CEFF41}.Debug|Any CPU.ActiveCfg = Debug|Any CPU
		{89920B27-DF53-47DC-8CC2-2C2299CEFF41}.Debug|Any CPU.Build.0 = Debug|Any CPU
		{89920B27-DF53-47DC-8CC2-2C2299CEFF41}.Release|Any CPU.ActiveCfg = Release|Any CPU
		{89920B27-DF53-47DC-8CC2-2C2299CEFF41}.Release|Any CPU.Build.0 = Release|Any CPU
		{2BC812DF-B3C7-424D-9DB9-4692277B0678}.Debug|Any CPU.ActiveCfg = Debug|Any CPU
		{2BC812DF-B3C7-424D-9DB9-4692277B0678}.Debug|Any CPU.Build.0 = Debug|Any CPU
		{2BC812DF-B3C7-424D-9DB9-4692277B0678}.Release|Any CPU.ActiveCfg = Release|Any CPU
		{2BC812DF-B3C7-424D-9DB9-4692277B0678}.Release|Any CPU.Build.0 = Release|Any CPU
		{A1FA0598-0480-42DA-8B33-A219B6F60382}.Debug|Any CPU.ActiveCfg = Debug|Any CPU
		{A1FA0598-0480-42DA-8B33-A219B6F60382}.Debug|Any CPU.Build.0 = Debug|Any CPU
		{A1FA0598-0480-42DA-8B33-A219B6F60382}.Release|Any CPU.ActiveCfg = Release|Any CPU
		{A1FA0598-0480-42DA-8B33-A219B6F60382}.Release|Any CPU.Build.0 = Release|Any CPU
		{DD3313B8-C63A-4E09-B8DA-2F538EAB39AE}.Debug|Any CPU.ActiveCfg = Debug|Any CPU
		{DD3313B8-C63A-4E09-B8DA-2F538EAB39AE}.Debug|Any CPU.Build.0 = Debug|Any CPU
		{DD3313B8-C63A-4E09-B8DA-2F538EAB39AE}.Release|Any CPU.ActiveCfg = Release|Any CPU
		{DD3313B8-C63A-4E09-B8DA-2F538EAB39AE}.Release|Any CPU.Build.0 = Release|Any CPU
		{4EF2E09E-4ED8-4380-9DCA-8D311B135A2B}.Debug|Any CPU.ActiveCfg = Debug|Any CPU
		{4EF2E09E-4ED8-4380-9DCA-8D311B135A2B}.Debug|Any CPU.Build.0 = Debug|Any CPU
		{4EF2E09E-4ED8-4380-9DCA-8D311B135A2B}.Release|Any CPU.ActiveCfg = Release|Any CPU
		{4EF2E09E-4ED8-4380-9DCA-8D311B135A2B}.Release|Any CPU.Build.0 = Release|Any CPU
		{5CE7E35E-E368-4BD0-B2D8-E19CA9F9334E}.Debug|Any CPU.ActiveCfg = Debug|Any CPU
		{5CE7E35E-E368-4BD0-B2D8-E19CA9F9334E}.Debug|Any CPU.Build.0 = Debug|Any CPU
		{5CE7E35E-E368-4BD0-B2D8-E19CA9F9334E}.Release|Any CPU.ActiveCfg = Release|Any CPU
		{5CE7E35E-E368-4BD0-B2D8-E19CA9F9334E}.Release|Any CPU.Build.0 = Release|Any CPU
		{A178F490-697D-49EB-8AA7-A4D5660E1625}.Debug|Any CPU.ActiveCfg = Debug|Any CPU
		{A178F490-697D-49EB-8AA7-A4D5660E1625}.Debug|Any CPU.Build.0 = Debug|Any CPU
		{A178F490-697D-49EB-8AA7-A4D5660E1625}.Release|Any CPU.ActiveCfg = Release|Any CPU
		{A178F490-697D-49EB-8AA7-A4D5660E1625}.Release|Any CPU.Build.0 = Release|Any CPU
	EndGlobalSection
	GlobalSection(SolutionProperties) = preSolution
		HideSolutionNode = FALSE
	EndGlobalSection
	GlobalSection(NestedProjects) = preSolution
		{FCD1648E-BC14-4680-90A9-760933CBDE99} = {33A582E2-42A2-41BC-8DE8-CF87F5E182C7}
		{754DCB6F-0924-4CBD-8F8B-95A83760ECF0} = {A38DDACB-0F12-4ADA-B9F4-50D83F5385A4}
		{64F0E55C-3A81-4A5B-924F-8E2D810EAF83} = {A38DDACB-0F12-4ADA-B9F4-50D83F5385A4}
		{2677C93E-496A-4B28-A528-2013AE2C1B94} = {AB252C60-902A-4A10-B26B-669E40517CEA}
		{16913DCC-3037-4DAD-9448-5927D1B5EE0F} = {AB252C60-902A-4A10-B26B-669E40517CEA}
		{87D618BD-2D25-4EA3-A369-479910017B77} = {AB252C60-902A-4A10-B26B-669E40517CEA}
		{D3E7E7B9-9675-47BA-95DC-D511F5915088} = {A38DDACB-0F12-4ADA-B9F4-50D83F5385A4}
		{DB61065B-4E62-4CF2-AAA6-444EDB1E6396} = {A38DDACB-0F12-4ADA-B9F4-50D83F5385A4}
		{89920B27-DF53-47DC-8CC2-2C2299CEFF41} = {AB252C60-902A-4A10-B26B-669E40517CEA}
		{2BC812DF-B3C7-424D-9DB9-4692277B0678} = {F79ADDC0-A1A4-4C3A-90CD-D0982EA89A87}
		{A1FA0598-0480-42DA-8B33-A219B6F60382} = {A38DDACB-0F12-4ADA-B9F4-50D83F5385A4}
		{DD3313B8-C63A-4E09-B8DA-2F538EAB39AE} = {F79ADDC0-A1A4-4C3A-90CD-D0982EA89A87}
		{4EF2E09E-4ED8-4380-9DCA-8D311B135A2B} = {A38DDACB-0F12-4ADA-B9F4-50D83F5385A4}
		{5CE7E35E-E368-4BD0-B2D8-E19CA9F9334E} = {B1AF5FED-91D9-4DFC-A1C1-6EFA8F60D16F}
		{A178F490-697D-49EB-8AA7-A4D5660E1625} = {F79ADDC0-A1A4-4C3A-90CD-D0982EA89A87}
	EndGlobalSection
	GlobalSection(ExtensibilityGlobals) = postSolution
		SolutionGuid = {74C2B8BC-3EA8-4887-9C4D-BDF44232B449}
	EndGlobalSection
EndGlobal
